{
  "version": 4,
  "terraform_version": "1.14.7",
  "serial": 51,
  "lineage": "80309d05-91ed-f0de-0d21-fdcaf4f28e87",
  "outputs": {
    "public_ip": {
      "value": "34.254.164.107",
      "type": "string"
    }
  },
  "resources": [
    {
      "mode": "managed",
      "type": "aws_instance",
      "name": "web_server",
      "provider": "provider[\"registry.terraform.io/hashicorp/aws\"]",
      "instances": [
        {
          "schema_version": 2,
          "attributes": {
            "ami": "ami-0c38b837cd80f13bb",
            "arn": "arn:aws:ec2:eu-west-1:378898160669:instance/i-0a58e132dd40a9704",
            "associate_public_ip_address": true,
            "availability_zone": "eu-west-1c",
            "capacity_reservation_specification": [
              {
                "capacity_reservation_preference": "open",
                "capacity_reservation_target": []
              }
            ],
            "cpu_options": [
              {
                "amd_sev_snp": "",
                "core_count": 1,
                "nested_virtualization": "",
                "threads_per_core": 1
              }
            ],
            "credit_specification": [
              {
                "cpu_credits": "standard"
              }
            ],
            "disable_api_stop": false,
            "disable_api_termination": false,
            "ebs_block_device": [],
            "ebs_optimized": false,
            "enable_primary_ipv6": null,
            "enclave_options": [
              {
                "enabled": false
              }
            ],
            "ephemeral_block_device": [],
            "force_destroy": false,
            "get_password_data": false,
            "hibernation": false,
            "host_id": "",
            "host_resource_group_arn": null,
            "iam_instance_profile": "",
            "id": "i-0a58e132dd40a9704",
            "instance_initiated_shutdown_behavior": "stop",
            "instance_lifecycle": "",
            "instance_market_options": [],
            "instance_state": "running",
            "instance_type": "t2.micro",
            "ipv6_address_count": 0,
            "ipv6_addresses": [],
            "key_name": "",
            "launch_template": [],
            "maintenance_options": [
              {
                "auto_recovery": "default"
              }
            ],
            "metadata_options": [
              {
                "http_endpoint": "enabled",
                "http_protocol_ipv6": "disabled",
                "http_put_response_hop_limit": 2,
                "http_tokens": "required",
                "instance_metadata_tags": "disabled"
              }
            ],
            "monitoring": false,
            "network_interface": [],
            "outpost_arn": "",
            "password_data": "",
            "placement_group": "",
            "placement_group_id": "",
            "placement_partition_number": 0,
            "primary_network_interface": [
              {
                "delete_on_termination": true,
                "network_interface_id": "eni-0b01172a709b4eeba"
              }
            ],
            "primary_network_interface_id": "eni-0b01172a709b4eeba",
            "private_dns": "ip-172-31-1-185.eu-west-1.compute.internal",
            "private_dns_name_options": [
              {
                "enable_resource_name_dns_a_record": false,
                "enable_resource_name_dns_aaaa_record": false,
                "hostname_type": "ip-name"
              }
            ],
            "private_ip": "172.31.1.185",
            "public_dns": "ec2-34-254-164-107.eu-west-1.compute.amazonaws.com",
            "public_ip": "34.254.164.107",
            "region": "eu-west-1",
            "root_block_device": [
              {
                "delete_on_termination": true,
                "device_name": "/dev/sda1",
                "encrypted": false,
                "iops": 3000,
                "kms_key_id": "",
                "tags": {},
                "tags_all": {},
                "throughput": 125,
                "volume_id": "vol-0817292bb76935a64",
                "volume_size": 8,
                "volume_type": "gp3"
              }
            ],
            "secondary_network_interface": [],
            "secondary_private_ips": [],
            "security_groups": [
              "terraform-day3-sg"
            ],
            "source_dest_check": true,
            "spot_instance_request_id": "",
            "subnet_id": "subnet-05593ba2a444f83b4",
            "tags": {
              "Name": "terraform-day3-webserver"
            },
            "tags_all": {
              "Name": "terraform-day3-webserver"
            },
            "tenancy": "default",
            "timeouts": null,
            "user_data": "#!/bin/bash\ncat \u003e index.html \u003c\u003c-HTML\n\u003c!DOCTYPE html\u003e\n\u003chtml\u003e\n  \u003chead\u003e\n    \u003ctitle\u003eBeldine | Terraform Day 3\u003c/title\u003e\n    \u003cstyle\u003e\n      body {\n        font-family: Arial, sans-serif;\n        display: flex;\n        justify-content: center;\n        align-items: center;\n        height: 100vh;\n        margin: 0;\n        background: #232f3e;\n        color: white;\n        text-align: center;\n      }\n      h1 { font-size: 2.5em; margin-bottom: 10px; }\n      p  { font-size: 1.2em; color: #ff9900; margin: 5px 0; }\n    \u003c/style\u003e\n  \u003c/head\u003e\n  \u003cbody\u003e\n    \u003cdiv\u003e\n      \u003ch1\u003eBeldine's Infrastructure Journey\u003c/h1\u003e\n      \u003cp\u003eDay 3 of the 30-Day Terraform Challenge\u003c/p\u003e\n      \u003cp\u003eEveOps | Meru HashiCorp User Group | 30-Day Terraform Challenge\u003c/p\u003e\n    \u003c/div\u003e\n  \u003c/body\u003e\n\u003c/html\u003e\nHTML\nnohup busybox httpd -f -p 80 \u0026\n",
            "user_data_base64": null,
            "user_data_replace_on_change": false,
            "volume_tags": null,
            "vpc_security_group_ids": [
              "sg-049868e5628150c70"
            ]
          },
          "sensitive_attributes": [],
          "identity_schema_version": 0,
          "identity": {
            "account_id": "378898160669",
            "id": "i-0a58e132dd40a9704",
            "region": "eu-west-1"
          },
          "private": "eyJlMmJmYjczMC1lY2FhLTExZTYtOGY4OC0zNDM2M2JjN2M0YzAiOnsiY3JlYXRlIjo2MDAwMDAwMDAwMDAsImRlbGV0ZSI6MTIwMDAwMDAwMDAwMCwicmVhZCI6OTAwMDAwMDAwMDAwLCJ1cGRhdGUiOjYwMDAwMDAwMDAwMH0sInNjaGVtYV92ZXJzaW9uIjoiMiJ9",
          "dependencies": [
            "aws_security_group.web_sg"
          ]
        }
      ]
    },
    {
      "mode": "managed",
      "type": "aws_security_group",
      "name": "web_sg",
      "provider": "provider[\"registry.terraform.io/hashicorp/aws\"]",
      "instances": [
        {
          "schema_version": 1,
          "attributes": {
            "arn": "arn:aws:ec2:eu-west-1:378898160669:security-group/sg-049868e5628150c70",
            "description": "Allow HTTP traffic",
            "egress": [
              {
                "cidr_blocks": [
                  "0.0.0.0/0"
                ],
                "description": "",
                "from_port": 0,
                "ipv6_cidr_blocks": [],
                "prefix_list_ids": [],
                "protocol": "-1",
                "security_groups": [],
                "self": false,
                "to_port": 0
              }
            ],
            "id": "sg-049868e5628150c70",
            "ingress": [
              {
                "cidr_blocks": [
                  "0.0.0.0/0"
                ],
                "description": "",
                "from_port": 80,
                "ipv6_cidr_blocks": [],
                "prefix_list_ids": [],
                "protocol": "tcp",
                "security_groups": [],
                "self": false,
                "to_port": 80
              }
            ],
            "name": "terraform-day3-sg",
            "name_prefix": "",
            "owner_id": "378898160669",
            "region": "eu-west-1",
            "revoke_rules_on_delete": false,
            "tags": {
              "Name": "terraform-day3-sg"
            },
            "tags_all": {
              "Name": "terraform-day3-sg"
            },
            "timeouts": null,
            "vpc_id": "vpc-07a37fc441569111d"
          },
          "sensitive_attributes": [],
          "identity_schema_version": 0,
          "identity": {
            "account_id": "378898160669",
            "id": "sg-049868e5628150c70",
            "region": "eu-west-1"
          },
          "private": "eyJlMmJmYjczMC1lY2FhLTExZTYtOGY4OC0zNDM2M2JjN2M0YzAiOnsiY3JlYXRlIjo2MDAwMDAwMDAwMDAsImRlbGV0ZSI6OTAwMDAwMDAwMDAwfSwic2NoZW1hX3ZlcnNpb24iOiIxIn0="
        }
      ]
    }
  ],
  "check_results": null
}
